
Microsoft Visual Studio Solution File, Format Version 12.00
# Visual Studio Version 17
VisualStudioVersion = 17.4.33103.184
MinimumVisualStudioVersion = 10.0.40219.1
Project("{9A19103F-16F7-4668-BE54-9A1E7A4F7556}") = "Assignment_UI", "Assignment_UI.csproj", "{3EF9EDDE-DC65-4DF1-8E6D-22E7332842ED}"
EndProject
Global
	GlobalSection(SolutionConfigurationPlatforms) = preSolution
		Debug|Any CPU = Debug|Any CPU
		Release|Any CPU = Release|Any CPU
	EndGlobalSection
	GlobalSection(ProjectConfigurationPlatforms) = postSolution
		{3EF9EDDE-DC65-4DF1-8E6D-22E7332842ED}.Debug|Any CPU.ActiveCfg = Debug|Any CPU
		{3EF9EDDE-DC65-4DF1-8E6D-22E7332842ED}.Debug|Any CPU.Build.0 = Debug|Any CPU
		{3EF9EDDE-DC65-4DF1-8E6D-22E7332842ED}.Release|Any CPU.ActiveCfg = Release|Any CPU
		{3EF9EDDE-DC65-4DF1-8E6D-22E7332842ED}.Release|Any CPU.Build.0 = Release|Any CPU
	EndGlobalSection
	GlobalSection(SolutionProperties) = preSolution
		HideSolutionNode = FALSE
	EndGlobalSection
	GlobalSection(ExtensibilityGlobals) = postSolution
		SolutionGuid = {F16ED58D-681A-4F71-800C-AE1BF272F3AD}
	EndGlobalSection
EndGlobal
